
Microsoft Visual Studio Solution File, Format Version 12.00
# Visual Studio Version 16
VisualStudioVersion = 16.0.28803.352
MinimumVisualStudioVersion = 10.0.40219.1
Project("{FAE04EC0-301F-11D3-BF4B-00C04F79EFBC}") = "CodeDesigner.Library", "CodeDesigner.Library\CodeDesigner.Library.csproj", "{7DC47C63-8D67-4414-AA06-BA5B63D1AFA2}"
EndProject
Project("{FAE04EC0-301F-11D3-BF4B-00C04F79EFBC}") = "CodeDesigner.ConsoleApp", "CodeDesigner.ConsoleApp\CodeDesigner.ConsoleApp.csproj", "{DEF9B401-C761-446F-B5C2-364C7A8416B9}"
EndProject
Project("{FAE04EC0-301F-11D3-BF4B-00C04F79EFBC}") = "CodeDesigner.UnitTests", "CodeDesigner.UnitTests\CodeDesigner.UnitTests.csproj", "{AE4F7190-959F-44EF-888F-A52B06891D9F}"
EndProject
Project("{9A19103F-16F7-4668-BE54-9A1E7A4F7556}") = "CodeDesigner.Languages", "CodeDesigner.Languages\CodeDesigner.Languages.csproj", "{DFF996BD-B9AD-48FA-9445-195812528EF2}"
EndProject
Project("{2150E333-8FDC-42A3-9474-1A3956D46DE8}") = "Solution Items", "Solution Items", "{054819F5-213F-49EB-B649-74876B5A4A85}"
	ProjectSection(SolutionItems) = preProject
		Install.ps1 = Install.ps1
		Readme.md = Readme.md
	EndProjectSection
EndProject
Global
	GlobalSection(SolutionConfigurationPlatforms) = preSolution
		Debug|Any CPU = Debug|Any CPU
		Debug|x64 = Debug|x64
		Debug|x86 = Debug|x86
		Release|Any CPU = Release|Any CPU
		Release|x64 = Release|x64
		Release|x86 = Release|x86
	EndGlobalSection
	GlobalSection(ProjectConfigurationPlatforms) = postSolution
		{7DC47C63-8D67-4414-AA06-BA5B63D1AFA2}.Debug|Any CPU.ActiveCfg = Debug|Any CPU
		{7DC47C63-8D67-4414-AA06-BA5B63D1AFA2}.Debug|Any CPU.Build.0 = Debug|Any CPU
		{7DC47C63-8D67-4414-AA06-BA5B63D1AFA2}.Debug|x64.ActiveCfg = Debug|Any CPU
		{7DC47C63-8D67-4414-AA06-BA5B63D1AFA2}.Debug|x64.Build.0 = Debug|Any CPU
		{7DC47C63-8D67-4414-AA06-BA5B63D1AFA2}.Debug|x86.ActiveCfg = Debug|Any CPU
		{7DC47C63-8D67-4414-AA06-BA5B63D1AFA2}.Debug|x86.Build.0 = Debug|Any CPU
		{7DC47C63-8D67-4414-AA06-BA5B63D1AFA2}.Release|Any CPU.ActiveCfg = Release|Any CPU
		{7DC47C63-8D67-4414-AA06-BA5B63D1AFA2}.Release|Any CPU.Build.0 = Release|Any CPU
		{7DC47C63-8D67-4414-AA06-BA5B63D1AFA2}.Release|x64.ActiveCfg = Release|Any CPU
		{7DC47C63-8D67-4414-AA06-BA5B63D1AFA2}.Release|x64.Build.0 = Release|Any CPU
		{7DC47C63-8D67-4414-AA06-BA5B63D1AFA2}.Release|x86.ActiveCfg = Release|Any CPU
		{7DC47C63-8D67-4414-AA06-BA5B63D1AFA2}.Release|x86.Build.0 = Release|Any CPU
		{DEF9B401-C761-446F-B5C2-364C7A8416B9}.Debug|Any CPU.ActiveCfg = Debug|Any CPU
		{DEF9B401-C761-446F-B5C2-364C7A8416B9}.Debug|Any CPU.Build.0 = Debug|Any CPU
		{DEF9B401-C761-446F-B5C2-364C7A8416B9}.Debug|x64.ActiveCfg = Debug|Any CPU
		{DEF9B401-C761-446F-B5C2-364C7A8416B9}.Debug|x64.Build.0 = Debug|Any CPU
		{DEF9B401-C761-446F-B5C2-364C7A8416B9}.Debug|x86.ActiveCfg = Debug|Any CPU
		{DEF9B401-C761-446F-B5C2-364C7A8416B9}.Debug|x86.Build.0 = Debug|Any CPU
		{DEF9B401-C761-446F-B5C2-364C7A8416B9}.Release|Any CPU.ActiveCfg = Release|Any CPU
		{DEF9B401-C761-446F-B5C2-364C7A8416B9}.Release|Any CPU.Build.0 = Release|Any CPU
		{DEF9B401-C761-446F-B5C2-364C7A8416B9}.Release|x64.ActiveCfg = Release|Any CPU
		{DEF9B401-C761-446F-B5C2-364C7A8416B9}.Release|x64.Build.0 = Release|Any CPU
		{DEF9B401-C761-446F-B5C2-364C7A8416B9}.Release|x86.ActiveCfg = Release|Any CPU
		{DEF9B401-C761-446F-B5C2-364C7A8416B9}.Release|x86.Build.0 = Release|Any CPU
		{AE4F7190-959F-44EF-888F-A52B06891D9F}.Debug|Any CPU.ActiveCfg = Debug|Any CPU
		{AE4F7190-959F-44EF-888F-A52B06891D9F}.Debug|Any CPU.Build.0 = Debug|Any CPU
		{AE4F7190-959F-44EF-888F-A52B06891D9F}.Debug|x64.ActiveCfg = Debug|Any CPU
		{AE4F7190-959F-44EF-888F-A52B06891D9F}.Debug|x64.Build.0 = Debug|Any CPU
		{AE4F7190-959F-44EF-888F-A52B06891D9F}.Debug|x86.ActiveCfg = Debug|Any CPU
		{AE4F7190-959F-44EF-888F-A52B06891D9F}.Debug|x86.Build.0 = Debug|Any CPU
		{AE4F7190-959F-44EF-888F-A52B06891D9F}.Release|Any CPU.ActiveCfg = Release|Any CPU
		{AE4F7190-959F-44EF-888F-A52B06891D9F}.Release|Any CPU.Build.0 = Release|Any CPU
		{AE4F7190-959F-44EF-888F-A52B06891D9F}.Release|x64.ActiveCfg = Release|Any CPU
		{AE4F7190-959F-44EF-888F-A52B06891D9F}.Release|x64.Build.0 = Release|Any CPU
		{AE4F7190-959F-44EF-888F-A52B06891D9F}.Release|x86.ActiveCfg = Release|Any CPU
		{AE4F7190-959F-44EF-888F-A52B06891D9F}.Release|x86.Build.0 = Release|Any CPU
		{DFF996BD-B9AD-48FA-9445-195812528EF2}.Debug|Any CPU.ActiveCfg = Debug|Any CPU
		{DFF996BD-B9AD-48FA-9445-195812528EF2}.Debug|Any CPU.Build.0 = Debug|Any CPU
		{DFF996BD-B9AD-48FA-9445-195812528EF2}.Debug|x64.ActiveCfg = Debug|Any CPU
		{DFF996BD-B9AD-48FA-9445-195812528EF2}.Debug|x64.Build.0 = Debug|Any CPU
		{DFF996BD-B9AD-48FA-9445-195812528EF2}.Debug|x86.ActiveCfg = Debug|Any CPU
		{DFF996BD-B9AD-48FA-9445-195812528EF2}.Debug|x86.Build.0 = Debug|Any CPU
		{DFF996BD-B9AD-48FA-9445-195812528EF2}.Release|Any CPU.ActiveCfg = Release|Any CPU
		{DFF996BD-B9AD-48FA-9445-195812528EF2}.Release|Any CPU.Build.0 = Release|Any CPU
		{DFF996BD-B9AD-48FA-9445-195812528EF2}.Release|x64.ActiveCfg = Release|Any CPU
		{DFF996BD-B9AD-48FA-9445-195812528EF2}.Release|x64.Build.0 = Release|Any CPU
		{DFF996BD-B9AD-48FA-9445-195812528EF2}.Release|x86.ActiveCfg = Release|Any CPU
		{DFF996BD-B9AD-48FA-9445-195812528EF2}.Release|x86.Build.0 = Release|Any CPU
	EndGlobalSection
	GlobalSection(SolutionProperties) = preSolution
		HideSolutionNode = FALSE
	EndGlobalSection
	GlobalSection(ExtensibilityGlobals) = postSolution
		SolutionGuid = {8AD7CC62-40A8-4FAF-B3B6-D0C4342A80FA}
	EndGlobalSection
EndGlobal
